
Microsoft Visual Studio Solution File, Format Version 9.00
# Visual Studio 2005
Project("{FAE04EC0-301F-11D3-BF4B-00C04F79EFBC}") = "TestService", "TestService\TestService.csproj", "{087BDE0E-84E9-4ECB-B4F6-0CA2326F637A}"
EndProject
Project("{FAE04EC0-301F-11D3-BF4B-00C04F79EFBC}") = "TestWebServer", "TestWebServer\TestWebServer.csproj", "{428ED7EC-C5ED-4F54-8A58-B45BFAC4199A}"
EndProject
Project("{FAE04EC0-301F-11D3-BF4B-00C04F79EFBC}") = "TestService.Tests", "TestService.Tests\TestService.Tests.csproj", "{6B61A5FA-E605-4F53-BE3D-695296948AF0}"
EndProject
Global
	GlobalSection(SolutionConfigurationPlatforms) = preSolution
		Debug|Any CPU = Debug|Any CPU
		Release|Any CPU = Release|Any CPU
	EndGlobalSection
	GlobalSection(ProjectConfigurationPlatforms) = postSolution
		{087BDE0E-84E9-4ECB-B4F6-0CA2326F637A}.Debug|Any CPU.ActiveCfg = Debug|Any CPU
		{087BDE0E-84E9-4ECB-B4F6-0CA2326F637A}.Debug|Any CPU.Build.0 = Debug|Any CPU
		{087BDE0E-84E9-4ECB-B4F6-0CA2326F637A}.Release|Any CPU.ActiveCfg = Release|Any CPU
		{087BDE0E-84E9-4ECB-B4F6-0CA2326F637A}.Release|Any CPU.Build.0 = Release|Any CPU
		{428ED7EC-C5ED-4F54-8A58-B45BFAC4199A}.Debug|Any CPU.ActiveCfg = Debug|Any CPU
		{428ED7EC-C5ED-4F54-8A58-B45BFAC4199A}.Debug|Any CPU.Build.0 = Debug|Any CPU
		{428ED7EC-C5ED-4F54-8A58-B45BFAC4199A}.Release|Any CPU.ActiveCfg = Release|Any CPU
		{428ED7EC-C5ED-4F54-8A58-B45BFAC4199A}.Release|Any CPU.Build.0 = Release|Any CPU
		{6B61A5FA-E605-4F53-BE3D-695296948AF0}.Debug|Any CPU.ActiveCfg = Debug|Any CPU
		{6B61A5FA-E605-4F53-BE3D-695296948AF0}.Debug|Any CPU.Build.0 = Debug|Any CPU
		{6B61A5FA-E605-4F53-BE3D-695296948AF0}.Release|Any CPU.ActiveCfg = Release|Any CPU
		{6B61A5FA-E605-4F53-BE3D-695296948AF0}.Release|Any CPU.Build.0 = Release|Any CPU
	EndGlobalSection
	GlobalSection(SolutionProperties) = preSolution
		HideSolutionNode = FALSE
	EndGlobalSection
EndGlobal
